
Microsoft Visual Studio Solution File, Format Version 12.00
# Visual Studio Version 17
VisualStudioVersion = 17.6.33815.320
MinimumVisualStudioVersion = 10.0.40219.1
Project("{FAE04EC0-301F-11D3-BF4B-00C04F79EFBC}") = "WindowsFormsApp3", "WindowsFormsApp3\WindowsFormsApp3.csproj", "{9D769B1B-E7FD-417D-8023-5D2E8A43829E}"
EndProject
Global
	GlobalSection(SolutionConfigurationPlatforms) = preSolution
		Debug|Any CPU = Debug|Any CPU
		Release|Any CPU = Release|Any CPU
	EndGlobalSection
	GlobalSection(ProjectConfigurationPlatforms) = postSolution
		{9D769B1B-E7FD-417D-8023-5D2E8A43829E}.Debug|Any CPU.ActiveCfg = Debug|Any CPU
		{9D769B1B-E7FD-417D-8023-5D2E8A43829E}.Debug|Any CPU.Build.0 = Debug|Any CPU
		{9D769B1B-E7FD-417D-8023-5D2E8A43829E}.Release|Any CPU.ActiveCfg = Release|Any CPU
		{9D769B1B-E7FD-417D-8023-5D2E8A43829E}.Release|Any CPU.Build.0 = Release|Any CPU
	EndGlobalSection
	GlobalSection(SolutionProperties) = preSolution
		HideSolutionNode = FALSE
	EndGlobalSection
	GlobalSection(ExtensibilityGlobals) = postSolution
		SolutionGuid = {0522D736-BE5B-43E7-8AE7-F79817C492F1}
	EndGlobalSection
EndGlobal
